// !$*UTF8*$!
{
	archiveVersion = 1;
	classes = {
	};
	objectVersion = 46;
	objects = {

/* Begin PBXBuildFile section */
		330EFAE21E81A51300522656 /* rva_living_room_view2.jpg in Resources */ = {isa = PBXBuildFile; fileRef = 330EFAE11E81A51300522656 /* rva_living_room_view2.jpg */; };
		332CC4991C2B33F600173448 /* EditProfileViewController.swift in Sources */ = {isa = PBXBuildFile; fileRef = 332CC4981C2B33F600173448 /* EditProfileViewController.swift */; };
		333056861E80AE5C0049C83C /* rva_living_room_view.jpg in Resources */ = {isa = PBXBuildFile; fileRef = 333056851E80AE5C0049C83C /* rva_living_room_view.jpg */; };
		333722351C25EBE90011D7D3 /* MyPhotosViewController.swift in Sources */ = {isa = PBXBuildFile; fileRef = 333722341C25EBE90011D7D3 /* MyPhotosViewController.swift */; };
		336366E11C1E4F5F0040DC96 /* AppDelegate.swift in Sources */ = {isa = PBXBuildFile; fileRef = 336366E01C1E4F5F0040DC96 /* AppDelegate.swift */; };
		336366E31C1E4F5F0040DC96 /* ViewController.swift in Sources */ = {isa = PBXBuildFile; fileRef = 336366E21C1E4F5F0040DC96 /* ViewController.swift */; };
		336366E61C1E4F5F0040DC96 /* Main.storyboard in Resources */ = {isa = PBXBuildFile; fileRef = 336366E41C1E4F5F0040DC96 /* Main.storyboard */; };
		336366E91C1E4F5F0040DC96 /* basic_app_ios.xcdatamodeld in Sources */ = {isa = PBXBuildFile; fileRef = 336366E71C1E4F5F0040DC96 /* basic_app_ios.xcdatamodeld */; };
		336366EB1C1E4F5F0040DC96 /* Assets.xcassets in Resources */ = {isa = PBXBuildFile; fileRef = 336366EA1C1E4F5F0040DC96 /* Assets.xcassets */; };
		336366EE1C1E4F600040DC96 /* LaunchScreen.storyboard in Resources */ = {isa = PBXBuildFile; fileRef = 336366EC1C1E4F600040DC96 /* LaunchScreen.storyboard */; };
		336366F91C1E4F600040DC96 /* basic_app_iosTests.swift in Sources */ = {isa = PBXBuildFile; fileRef = 336366F81C1E4F600040DC96 /* basic_app_iosTests.swift */; };
		336367041C1E4F600040DC96 /* basic_app_iosUITests.swift in Sources */ = {isa = PBXBuildFile; fileRef = 336367031C1E4F600040DC96 /* basic_app_iosUITests.swift */; };
		3364F5451C20EEBC0088526A /* ProfileHomeViewController.swift in Sources */ = {isa = PBXBuildFile; fileRef = 3364F5441C20EEBC0088526A /* ProfileHomeViewController.swift */; };
		3365549A1E80FFA200B99FB3 /* rva_roof_view.jpg in Resources */ = {isa = PBXBuildFile; fileRef = 336554991E80FFA200B99FB3 /* rva_roof_view.jpg */; };
		3381386D1C1E56D000E97324 /* GlobalConstants.swift in Sources */ = {isa = PBXBuildFile; fileRef = 3381386C1C1E56D000E97324 /* GlobalConstants.swift */; };
		3391791D1C2245FD00E49EB3 /* RegisterViewController.swift in Sources */ = {isa = PBXBuildFile; fileRef = 3391791C1C2245FD00E49EB3 /* RegisterViewController.swift */; };
		33A62AB61C28FB7B00B97FB1 /* ActivityIndicator.swift in Sources */ = {isa = PBXBuildFile; fileRef = 33A62AB51C28FB7B00B97FB1 /* ActivityIndicator.swift */; };
/* End PBXBuildFile section */

/* Begin PBXContainerItemProxy section */
		336366F51C1E4F600040DC96 /* PBXContainerItemProxy */ = {
			isa = PBXContainerItemProxy;
			containerPortal = 336366D51C1E4F5F0040DC96 /* Project object */;
			proxyType = 1;
			remoteGlobalIDString = 336366DC1C1E4F5F0040DC96;
			remoteInfo = basic_app_ios;
		};
		336367001C1E4F600040DC96 /* PBXContainerItemProxy */ = {
			isa = PBXContainerItemProxy;
			containerPortal = 336366D51C1E4F5F0040DC96 /* Project object */;
			proxyType = 1;
			remoteGlobalIDString = 336366DC1C1E4F5F0040DC96;
			remoteInfo = basic_app_ios;
		};
/* End PBXContainerItemProxy section */

/* Begin PBXFileReference section */
		330EFAE11E81A51300522656 /* rva_living_room_view2.jpg */ = {isa = PBXFileReference; lastKnownFileType = image.jpeg; path = rva_living_room_view2.jpg; sourceTree = "<group>"; };
		332CC4981C2B33F600173448 /* EditProfileViewController.swift */ = {isa = PBXFileReference; fileEncoding = 4; lastKnownFileType = sourcecode.swift; path = EditProfileViewController.swift; sourceTree = "<group>"; };
		333056851E80AE5C0049C83C /* rva_living_room_view.jpg */ = {isa = PBXFileReference; lastKnownFileType = image.jpeg; path = rva_living_room_view.jpg; sourceTree = "<group>"; };
		333722341C25EBE90011D7D3 /* MyPhotosViewController.swift */ = {isa = PBXFileReference; fileEncoding = 4; lastKnownFileType = sourcecode.swift; path = MyPhotosViewController.swift; sourceTree = "<group>"; };
		336366DD1C1E4F5F0040DC96 /* basic_app_ios.app */ = {isa = PBXFileReference; explicitFileType = wrapper.application; includeInIndex = 0; path = basic_app_ios.app; sourceTree = BUILT_PRODUCTS_DIR; };
		336366E01C1E4F5F0040DC96 /* AppDelegate.swift */ = {isa = PBXFileReference; lastKnownFileType = sourcecode.swift; path = AppDelegate.swift; sourceTree = "<group>"; };
		336366E21C1E4F5F0040DC96 /* ViewController.swift */ = {isa = PBXFileReference; lastKnownFileType = sourcecode.swift; path = ViewController.swift; sourceTree = "<group>"; };
		336366E51C1E4F5F0040DC96 /* Base */ = {isa = PBXFileReference; lastKnownFileType = file.storyboard; name = Base; path = Base.lproj/Main.storyboard; sourceTree = "<group>"; };
		336366E81C1E4F5F0040DC96 /* basic_app_ios.xcdatamodel */ = {isa = PBXFileReference; lastKnownFileType = wrapper.xcdatamodel; path = basic_app_ios.xcdatamodel; sourceTree = "<group>"; };
		336366EA1C1E4F5F0040DC96 /* Assets.xcassets */ = {isa = PBXFileReference; lastKnownFileType = folder.assetcatalog; path = Assets.xcassets; sourceTree = "<group>"; };
		336366ED1C1E4F600040DC96 /* Base */ = {isa = PBXFileReference; lastKnownFileType = file.storyboard; name = Base; path = Base.lproj/LaunchScreen.storyboard; sourceTree = "<group>"; };
		336366EF1C1E4F600040DC96 /* Info.plist */ = {isa = PBXFileReference; lastKnownFileType = text.plist.xml; path = Info.plist; sourceTree = "<group>"; };
		336366F41C1E4F600040DC96 /* basic_app_ios.xctest */ = {isa = PBXFileReference; explicitFileType = wrapper.cfbundle; includeInIndex = 0; path = basic_app_ios.xctest; sourceTree = BUILT_PRODUCTS_DIR; };
		336366F81C1E4F600040DC96 /* basic_app_iosTests.swift */ = {isa = PBXFileReference; lastKnownFileType = sourcecode.swift; path = basic_app_iosTests.swift; sourceTree = "<group>"; };
		336366FA1C1E4F600040DC96 /* Info.plist */ = {isa = PBXFileReference; lastKnownFileType = text.plist.xml; path = Info.plist; sourceTree = "<group>"; };
		336366FF1C1E4F600040DC96 /* basic_app_ios.xctest */ = {isa = PBXFileReference; explicitFileType = wrapper.cfbundle; includeInIndex = 0; path = basic_app_ios.xctest; sourceTree = BUILT_PRODUCTS_DIR; };
		336367031C1E4F600040DC96 /* basic_app_iosUITests.swift */ = {isa = PBXFileReference; lastKnownFileType = sourcecode.swift; path = basic_app_iosUITests.swift; sourceTree = "<group>"; };
		336367051C1E4F600040DC96 /* Info.plist */ = {isa = PBXFileReference; lastKnownFileType = text.plist.xml; path = Info.plist; sourceTree = "<group>"; };
		3364F5441C20EEBC0088526A /* ProfileHomeViewController.swift */ = {isa = PBXFileReference; fileEncoding = 4; lastKnownFileType = sourcecode.swift; path = ProfileHomeViewController.swift; sourceTree = "<group>"; };
		336554991E80FFA200B99FB3 /* rva_roof_view.jpg */ = {isa = PBXFileReference; lastKnownFileType = image.jpeg; path = rva_roof_view.jpg; sourceTree = "<group>"; };
		3381386C1C1E56D000E97324 /* GlobalConstants.swift */ = {isa = PBXFileReference; fileEncoding = 4; lastKnownFileType = sourcecode.swift; path = GlobalConstants.swift; sourceTree = "<group>"; };
		3391791C1C2245FD00E49EB3 /* RegisterViewController.swift */ = {isa = PBXFileReference; fileEncoding = 4; lastKnownFileType = sourcecode.swift; path = RegisterViewController.swift; sourceTree = "<group>"; };
		33A62AB51C28FB7B00B97FB1 /* ActivityIndicator.swift */ = {isa = PBXFileReference; fileEncoding = 4; lastKnownFileType = sourcecode.swift; path = ActivityIndicator.swift; sourceTree = "<group>"; };
/* End PBXFileReference section */

/* Begin PBXFrameworksBuildPhase section */
		336366DA1C1E4F5F0040DC96 /* Frameworks */ = {
			isa = PBXFrameworksBuildPhase;
			buildActionMask = 2147483647;
			files = (
			);
			runOnlyForDeploymentPostprocessing = 0;
		};
		336366F11C1E4F600040DC96 /* Frameworks */ = {
			isa = PBXFrameworksBuildPhase;
			buildActionMask = 2147483647;
			files = (
			);
			runOnlyForDeploymentPostprocessing = 0;
		};
		336366FC1C1E4F600040DC96 /* Frameworks */ = {
			isa = PBXFrameworksBuildPhase;
			buildActionMask = 2147483647;
			files = (
			);
			runOnlyForDeploymentPostprocessing = 0;
		};
/* End PBXFrameworksBuildPhase section */

/* Begin PBXGroup section */
		333056841E80AE0E0049C83C /* Resources */ = {
			isa = PBXGroup;
			children = (
				336554991E80FFA200B99FB3 /* rva_roof_view.jpg */,
				333056851E80AE5C0049C83C /* rva_living_room_view.jpg */,
				330EFAE11E81A51300522656 /* rva_living_room_view2.jpg */,
			);
			name = Resources;
			path = basic_app_ios;
			sourceTree = "<group>";
		};
		336366D41C1E4F5F0040DC96 = {
			isa = PBXGroup;
			children = (
				336366DF1C1E4F5F0040DC96 /* basic_app_ios */,
				336366F71C1E4F600040DC96 /* basic_app_iosTests */,
				336367021C1E4F600040DC96 /* basic_app_iosUITests */,
				336366DE1C1E4F5F0040DC96 /* Products */,
				333056841E80AE0E0049C83C /* Resources */,
			);
			sourceTree = "<group>";
		};
		336366DE1C1E4F5F0040DC96 /* Products */ = {
			isa = PBXGroup;
			children = (
				336366DD1C1E4F5F0040DC96 /* basic_app_ios.app */,
				336366F41C1E4F600040DC96 /* basic_app_ios.xctest */,
				336366FF1C1E4F600040DC96 /* basic_app_ios.xctest */,
			);
			name = Products;
			sourceTree = "<group>";
		};
		336366DF1C1E4F5F0040DC96 /* basic_app_ios */ = {
			isa = PBXGroup;
			children = (
				336366E01C1E4F5F0040DC96 /* AppDelegate.swift */,
				336366E21C1E4F5F0040DC96 /* ViewController.swift */,
				332CC4981C2B33F600173448 /* EditProfileViewController.swift */,
				3364F5441C20EEBC0088526A /* ProfileHomeViewController.swift */,
				33A62AB51C28FB7B00B97FB1 /* ActivityIndicator.swift */,
				333722341C25EBE90011D7D3 /* MyPhotosViewController.swift */,
				336366E41C1E4F5F0040DC96 /* Main.storyboard */,
				3391791C1C2245FD00E49EB3 /* RegisterViewController.swift */,
				336366EA1C1E4F5F0040DC96 /* Assets.xcassets */,
				336366EC1C1E4F600040DC96 /* LaunchScreen.storyboard */,
				336366EF1C1E4F600040DC96 /* Info.plist */,
				336366E71C1E4F5F0040DC96 /* basic_app_ios.xcdatamodeld */,
				3381386C1C1E56D000E97324 /* GlobalConstants.swift */,
			);
			path = basic_app_ios;
			sourceTree = "<group>";
		};
		336366F71C1E4F600040DC96 /* basic_app_iosTests */ = {
			isa = PBXGroup;
			children = (
				336366F81C1E4F600040DC96 /* basic_app_iosTests.swift */,
				336366FA1C1E4F600040DC96 /* Info.plist */,
			);
			path = basic_app_iosTests;
			sourceTree = "<group>";
		};
		336367021C1E4F600040DC96 /* basic_app_iosUITests */ = {
			isa = PBXGroup;
			children = (
				336367031C1E4F600040DC96 /* basic_app_iosUITests.swift */,
				336367051C1E4F600040DC96 /* Info.plist */,
			);
			path = basic_app_iosUITests;
			sourceTree = "<group>";
		};
/* End PBXGroup section */

/* Begin PBXNativeTarget section */
		336366DC1C1E4F5F0040DC96 /* basic_app_ios */ = {
			isa = PBXNativeTarget;
			buildConfigurationList = 336367081C1E4F600040DC96 /* Build configuration list for PBXNativeTarget "basic_app_ios" */;
			buildPhases = (
				336366D91C1E4F5F0040DC96 /* Sources */,
				336366DA1C1E4F5F0040DC96 /* Frameworks */,
				336366DB1C1E4F5F0040DC96 /* Resources */,
			);
			buildRules = (
			);
			dependencies = (
			);
			name = basic_app_ios;
			productName = basic_app_ios;
			productReference = 336366DD1C1E4F5F0040DC96 /* basic_app_ios.app */;
			productType = "com.apple.product-type.application";
		};
		336366F31C1E4F600040DC96 /* basic_app_iosTests */ = {
			isa = PBXNativeTarget;
			buildConfigurationList = 3363670B1C1E4F600040DC96 /* Build configuration list for PBXNativeTarget "basic_app_iosTests" */;
			buildPhases = (
				336366F01C1E4F600040DC96 /* Sources */,
				336366F11C1E4F600040DC96 /* Frameworks */,
				336366F21C1E4F600040DC96 /* Resources */,
			);
			buildRules = (
			);
			dependencies = (
				336366F61C1E4F600040DC96 /* PBXTargetDependency */,
			);
			name = basic_app_iosTests;
			productName = basic_app_iosTests;
			productReference = 336366F41C1E4F600040DC96 /* basic_app_ios.xctest */;
			productType = "com.apple.product-type.bundle.unit-test";
		};
		336366FE1C1E4F600040DC96 /* basic_app_iosUITests */ = {
			isa = PBXNativeTarget;
			buildConfigurationList = 3363670E1C1E4F600040DC96 /* Build configuration list for PBXNativeTarget "basic_app_iosUITests" */;
			buildPhases = (
				336366FB1C1E4F600040DC96 /* Sources */,
				336366FC1C1E4F600040DC96 /* Frameworks */,
				336366FD1C1E4F600040DC96 /* Resources */,
			);
			buildRules = (
			);
			dependencies = (
				336367011C1E4F600040DC96 /* PBXTargetDependency */,
			);
			name = basic_app_iosUITests;
			productName = basic_app_iosUITests;
			productReference = 336366FF1C1E4F600040DC96 /* basic_app_ios.xctest */;
			productType = "com.apple.product-type.bundle.ui-testing";
		};
/* End PBXNativeTarget section */

/* Begin PBXProject section */
		336366D51C1E4F5F0040DC96 /* Project object */ = {
			isa = PBXProject;
			attributes = {
				LastSwiftUpdateCheck = 0720;
				LastUpgradeCheck = 0920;
				ORGANIZATIONNAME = Development;
				TargetAttributes = {
					336366DC1C1E4F5F0040DC96 = {
						CreatedOnToolsVersion = 7.2;
						LastSwiftMigration = 0920;
					};
					336366F31C1E4F600040DC96 = {
						CreatedOnToolsVersion = 7.2;
						LastSwiftMigration = 0920;
						TestTargetID = 336366DC1C1E4F5F0040DC96;
					};
					336366FE1C1E4F600040DC96 = {
						CreatedOnToolsVersion = 7.2;
						LastSwiftMigration = 0920;
						TestTargetID = 336366DC1C1E4F5F0040DC96;
					};
				};
			};
			buildConfigurationList = 336366D81C1E4F5F0040DC96 /* Build configuration list for PBXProject "basic_app_ios" */;
			compatibilityVersion = "Xcode 3.2";
			developmentRegion = English;
			hasScannedForEncodings = 0;
			knownRegions = (
				en,
				Base,
			);
			mainGroup = 336366D41C1E4F5F0040DC96;
			productRefGroup = 336366DE1C1E4F5F0040DC96 /* Products */;
			projectDirPath = "";
			projectRoot = "";
			targets = (
				336366DC1C1E4F5F0040DC96 /* basic_app_ios */,
				336366F31C1E4F600040DC96 /* basic_app_iosTests */,
				336366FE1C1E4F600040DC96 /* basic_app_iosUITests */,
			);
		};
/* End PBXProject section */

/* Begin PBXResourcesBuildPhase section */
		336366DB1C1E4F5F0040DC96 /* Resources */ = {
			isa = PBXResourcesBuildPhase;
			buildActionMask = 2147483647;
			files = (
				3365549A1E80FFA200B99FB3 /* rva_roof_view.jpg in Resources */,
				330EFAE21E81A51300522656 /* rva_living_room_view2.jpg in Resources */,
				336366EE1C1E4F600040DC96 /* LaunchScreen.storyboard in Resources */,
				336366EB1C1E4F5F0040DC96 /* Assets.xcassets in Resources */,
				333056861E80AE5C0049C83C /* rva_living_room_view.jpg in Resources */,
				336366E61C1E4F5F0040DC96 /* Main.storyboard in Resources */,
			);
			runOnlyForDeploymentPostprocessing = 0;
		};
		336366F21C1E4F600040DC96 /* Resources */ = {
			isa = PBXResourcesBuildPhase;
			buildActionMask = 2147483647;
			files = (
			);
			runOnlyForDeploymentPostprocessing = 0;
		};
		336366FD1C1E4F600040DC96 /* Resources */ = {
			isa = PBXResourcesBuildPhase;
			buildActionMask = 2147483647;
			files = (
			);
			runOnlyForDeploymentPostprocessing = 0;
		};
/* End PBXResourcesBuildPhase section */

/* Begin PBXSourcesBuildPhase section */
		336366D91C1E4F5F0040DC96 /* Sources */ = {
			isa = PBXSourcesBuildPhase;
			buildActionMask = 2147483647;
			files = (
				336366E31C1E4F5F0040DC96 /* ViewController.swift in Sources */,
				3364F5451C20EEBC0088526A /* ProfileHomeViewController.swift in Sources */,
				336366E91C1E4F5F0040DC96 /* basic_app_ios.xcdatamodeld in Sources */,
				3391791D1C2245FD00E49EB3 /* RegisterViewController.swift in Sources */,
				33A62AB61C28FB7B00B97FB1 /* ActivityIndicator.swift in Sources */,
				3381386D1C1E56D000E97324 /* GlobalConstants.swift in Sources */,
				336366E11C1E4F5F0040DC96 /* AppDelegate.swift in Sources */,
				333722351C25EBE90011D7D3 /* MyPhotosViewController.swift in Sources */,
				332CC4991C2B33F600173448 /* EditProfileViewController.swift in Sources */,
			);
			runOnlyForDeploymentPostprocessing = 0;
		};
		336366F01C1E4F600040DC96 /* Sources */ = {
			isa = PBXSourcesBuildPhase;
			buildActionMask = 2147483647;
			files = (
				336366F91C1E4F600040DC96 /* basic_app_iosTests.swift in Sources */,
			);
			runOnlyForDeploymentPostprocessing = 0;
		};
		336366FB1C1E4F600040DC96 /* Sources */ = {
			isa = PBXSourcesBuildPhase;
			buildActionMask = 2147483647;
			files = (
				336367041C1E4F600040DC96 /* basic_app_iosUITests.swift in Sources */,
			);
			runOnlyForDeploymentPostprocessing = 0;
		};
/* End PBXSourcesBuildPhase section */

/* Begin PBXTargetDependency section */
		336366F61C1E4F600040DC96 /* PBXTargetDependency */ = {
			isa = PBXTargetDependency;
			target = 336366DC1C1E4F5F0040DC96 /* basic_app_ios */;
			targetProxy = 336366F51C1E4F600040DC96 /* PBXContainerItemProxy */;
		};
		336367011C1E4F600040DC96 /* PBXTargetDependency */ = {
			isa = PBXTargetDependency;
			target = 336366DC1C1E4F5F0040DC96 /* basic_app_ios */;
			targetProxy = 336367001C1E4F600040DC96 /* PBXContainerItemProxy */;
		};
/* End PBXTargetDependency section */

/* Begin PBXVariantGroup section */
		336366E41C1E4F5F0040DC96 /* Main.storyboard */ = {
			isa = PBXVariantGroup;
			children = (
				336366E51C1E4F5F0040DC96 /* Base */,
			);
			name = Main.storyboard;
			sourceTree = "<group>";
		};
		336366EC1C1E4F600040DC96 /* LaunchScreen.storyboard */ = {
			isa = PBXVariantGroup;
			children = (
				336366ED1C1E4F600040DC96 /* Base */,
			);
			name = LaunchScreen.storyboard;
			sourceTree = "<group>";
		};
/* End PBXVariantGroup section */

/* Begin XCBuildConfiguration section */
		336367061C1E4F600040DC96 /* Debug */ = {
			isa = XCBuildConfiguration;
			buildSettings = {
				ALWAYS_SEARCH_USER_PATHS = NO;
				CLANG_CXX_LANGUAGE_STANDARD = "gnu++0x";
				CLANG_CXX_LIBRARY = "libc++";
				CLANG_ENABLE_MODULES = YES;
				CLANG_ENABLE_OBJC_ARC = YES;
				CLANG_WARN_BLOCK_CAPTURE_AUTORELEASING = YES;
				CLANG_WARN_BOOL_CONVERSION = YES;
				CLANG_WARN_COMMA = YES;
				CLANG_WARN_CONSTANT_CONVERSION = YES;
				CLANG_WARN_DIRECT_OBJC_ISA_USAGE = YES_ERROR;
				CLANG_WARN_EMPTY_BODY = YES;
				CLANG_WARN_ENUM_CONVERSION = YES;
				CLANG_WARN_INFINITE_RECURSION = YES;
				CLANG_WARN_INT_CONVERSION = YES;
				CLANG_WARN_NON_LITERAL_NULL_CONVERSION = YES;
				CLANG_WARN_OBJC_LITERAL_CONVERSION = YES;
				CLANG_WARN_OBJC_ROOT_CLASS = YES_ERROR;
				CLANG_WARN_RANGE_LOOP_ANALYSIS = YES;
				CLANG_WARN_STRICT_PROTOTYPES = YES;
				CLANG_WARN_SUSPICIOUS_MOVE = YES;
				CLANG_WARN_UNREACHABLE_CODE = YES;
				CLANG_WARN__DUPLICATE_METHOD_MATCH = YES;
				"CODE_SIGN_IDENTITY[sdk=iphoneos*]" = "iPhone Developer";
				COPY_PHASE_STRIP = NO;
				DEBUG_INFORMATION_FORMAT = dwarf;
				ENABLE_STRICT_OBJC_MSGSEND = YES;
				ENABLE_TESTABILITY = YES;
				GCC_C_LANGUAGE_STANDARD = gnu99;
				GCC_DYNAMIC_NO_PIC = NO;
				GCC_NO_COMMON_BLOCKS = YES;
				GCC_OPTIMIZATION_LEVEL = 0;
				GCC_PREPROCESSOR_DEFINITIONS = (
					"DEBUG=1",
					"$(inherited)",
				);
				GCC_WARN_64_TO_32_BIT_CONVERSION = YES;
				GCC_WARN_ABOUT_RETURN_TYPE = YES_ERROR;
				GCC_WARN_UNDECLARED_SELECTOR = YES;
				GCC_WARN_UNINITIALIZED_AUTOS = YES_AGGRESSIVE;
				GCC_WARN_UNUSED_FUNCTION = YES;
				GCC_WARN_UNUSED_VARIABLE = YES;
				IPHONEOS_DEPLOYMENT_TARGET = 10.2;
				MTL_ENABLE_DEBUG_INFO = YES;
				ONLY_ACTIVE_ARCH = YES;
				SDKROOT = iphoneos;
				SWIFT_OPTIMIZATION_LEVEL = "-Onone";
				TARGETED_DEVICE_FAMILY = "1,2";
			};
			name = Debug;
		};
		336367071C1E4F600040DC96 /* Release */ = {
			isa = XCBuildConfiguration;
			buildSettings = {
				ALWAYS_SEARCH_USER_PATHS = NO;
				CLANG_CXX_LANGUAGE_STANDARD = "gnu++0x";
				CLANG_CXX_LIBRARY = "libc++";
				CLANG_ENABLE_MODULES = YES;
				CLANG_ENABLE_OBJC_ARC = YES;
				CLANG_WARN_BLOCK_CAPTURE_AUTORELEASING = YES;
				CLANG_WARN_BOOL_CONVERSION = YES;
				CLANG_WARN_COMMA = YES;
				CLANG_WARN_CONSTANT_CONVERSION = YES;
				CLANG_WARN_DIRECT_OBJC_ISA_USAGE = YES_ERROR;
				CLANG_WARN_EMPTY_BODY = YES;
				CLANG_WARN_ENUM_CONVERSION = YES;
				CLANG_WARN_INFINITE_RECURSION = YES;
				CLANG_WARN_INT_CONVERSION = YES;
				CLANG_WARN_NON_LITERAL_NULL_CONVERSION = YES;
				CLANG_WARN_OBJC_LITERAL_CONVERSION = YES;
				CLANG_WARN_OBJC_ROOT_CLASS = YES_ERROR;
				CLANG_WARN_RANGE_LOOP_ANALYSIS = YES;
				CLANG_WARN_STRICT_PROTOTYPES = YES;
				CLANG_WARN_SUSPICIOUS_MOVE = YES;
				CLANG_WARN_UNREACHABLE_CODE = YES;
				CLANG_WARN__DUPLICATE_METHOD_MATCH = YES;
				"CODE_SIGN_IDENTITY[sdk=iphoneos*]" = "iPhone Developer";
				COPY_PHASE_STRIP = NO;
				DEBUG_INFORMATION_FORMAT = "dwarf-with-dsym";
				ENABLE_NS_ASSERTIONS = NO;
				ENABLE_STRICT_OBJC_MSGSEND = YES;
				GCC_C_LANGUAGE_STANDARD = gnu99;
				GCC_NO_COMMON_BLOCKS = YES;
				GCC_WARN_64_TO_32_BIT_CONVERSION = YES;
				GCC_WARN_ABOUT_RETURN_TYPE = YES_ERROR;
				GCC_WARN_UNDECLARED_SELECTOR = YES;
				GCC_WARN_UNINITIALIZED_AUTOS = YES_AGGRESSIVE;
				GCC_WARN_UNUSED_FUNCTION = YES;
				GCC_WARN_UNUSED_VARIABLE = YES;
				IPHONEOS_DEPLOYMENT_TARGET = 10.2;
				MTL_ENABLE_DEBUG_INFO = NO;
				SDKROOT = iphoneos;
				SWIFT_OPTIMIZATION_LEVEL = "-Owholemodule";
				TARGETED_DEVICE_FAMILY = "1,2";
				VALIDATE_PRODUCT = YES;
			};
			name = Release;
		};
		336367091C1E4F600040DC96 /* Debug */ = {
			isa = XCBuildConfiguration;
			buildSettings = {
				ASSETCATALOG_COMPILER_APPICON_NAME = AppIcon;
				INFOPLIST_FILE = basic_app_ios/Info.plist;
				IPHONEOS_DEPLOYMENT_TARGET = 9.2;
				LD_RUNPATH_SEARCH_PATHS = "$(inherited) @executable_path/Frameworks";
				PRODUCT_BUNDLE_IDENTIFIER = "Development.basic-app-ios";
				PRODUCT_NAME = basic_app_ios;
				SWIFT_SWIFT3_OBJC_INFERENCE = On;
				SWIFT_VERSION = 4.0;
				TARGETED_DEVICE_FAMILY = 1;
			};
			name = Debug;
		};
		3363670A1C1E4F600040DC96 /* Release */ = {
			isa = XCBuildConfiguration;
			buildSettings = {
				ASSETCATALOG_COMPILER_APPICON_NAME = AppIcon;
				INFOPLIST_FILE = basic_app_ios/Info.plist;
				IPHONEOS_DEPLOYMENT_TARGET = 9.2;
				LD_RUNPATH_SEARCH_PATHS = "$(inherited) @executable_path/Frameworks";
				PRODUCT_BUNDLE_IDENTIFIER = "Development.basic-app-ios";
				PRODUCT_NAME = basic_app_ios;
				SWIFT_SWIFT3_OBJC_INFERENCE = On;
				SWIFT_VERSION = 4.0;
				TARGETED_DEVICE_FAMILY = 1;
			};
			name = Release;
		};
		3363670C1C1E4F600040DC96 /* Debug */ = {
			isa = XCBuildConfiguration;
			buildSettings = {
				BUNDLE_LOADER = "$(TEST_HOST)";
				INFOPLIST_FILE = basic_app_iosTests/Info.plist;
				LD_RUNPATH_SEARCH_PATHS = "$(inherited) @executable_path/Frameworks @loader_path/Frameworks";
				PRODUCT_BUNDLE_IDENTIFIER = "Development.generic-app-iosTests";
				PRODUCT_NAME = basic_app_ios;
				SWIFT_SWIFT3_OBJC_INFERENCE = On;
				SWIFT_VERSION = 4.0;
				TEST_HOST = "$(BUILT_PRODUCTS_DIR)/basic_app_ios.app/basic_app_ios";
			};
			name = Debug;
		};
		3363670D1C1E4F600040DC96 /* Release */ = {
			isa = XCBuildConfiguration;
			buildSettings = {
				BUNDLE_LOADER = "$(TEST_HOST)";
				INFOPLIST_FILE = basic_app_iosTests/Info.plist;
				LD_RUNPATH_SEARCH_PATHS = "$(inherited) @executable_path/Frameworks @loader_path/Frameworks";
				PRODUCT_BUNDLE_IDENTIFIER = "Development.basic-app-iosTests";
				PRODUCT_NAME = basic_app_ios;
				SWIFT_SWIFT3_OBJC_INFERENCE = On;
				SWIFT_VERSION = 4.0;
				TEST_HOST = "$(BUILT_PRODUCTS_DIR)/basic_app_ios.app/basic_app_ios";
			};
			name = Release;
		};
		3363670F1C1E4F600040DC96 /* Debug */ = {
			isa = XCBuildConfiguration;
			buildSettings = {
				INFOPLIST_FILE = basic_app_iosUITests/Info.plist;
				LD_RUNPATH_SEARCH_PATHS = "$(inherited) @executable_path/Frameworks @loader_path/Frameworks";
				PRODUCT_BUNDLE_IDENTIFIER = "Development.basic-app-iosUITests";
				PRODUCT_NAME = basic_app_ios;
				SWIFT_SWIFT3_OBJC_INFERENCE = On;
				SWIFT_VERSION = 4.0;
				TEST_TARGET_NAME = basic_app_ios;
				USES_XCTRUNNER = YES;
			};
			name = Debug;
		};
		336367101C1E4F600040DC96 /* Release */ = {
			isa = XCBuildConfiguration;
			buildSettings = {
				INFOPLIST_FILE = basic_app_iosUITests/Info.plist;
				LD_RUNPATH_SEARCH_PATHS = "$(inherited) @executable_path/Frameworks @loader_path/Frameworks";
				PRODUCT_BUNDLE_IDENTIFIER = "Development.basic-app-iosUITests";
				PRODUCT_NAME = basic_app_ios;
				SWIFT_SWIFT3_OBJC_INFERENCE = On;
				SWIFT_VERSION = 4.0;
				TEST_TARGET_NAME = basic_app_ios;
				USES_XCTRUNNER = YES;
			};
			name = Release;
		};
/* End XCBuildConfiguration section */

/* Begin XCConfigurationList section */
		336366D81C1E4F5F0040DC96 /* Build configuration list for PBXProject "basic_app_ios" */ = {
			isa = XCConfigurationList;
			buildConfigurations = (
				336367061C1E4F600040DC96 /* Debug */,
				336367071C1E4F600040DC96 /* Release */,
			);
			defaultConfigurationIsVisible = 0;
			defaultConfigurationName = Release;
		};
		336367081C1E4F600040DC96 /* Build configuration list for PBXNativeTarget "basic_app_ios" */ = {
			isa = XCConfigurationList;
			buildConfigurations = (
				336367091C1E4F600040DC96 /* Debug */,
				3363670A1C1E4F600040DC96 /* Release */,
			);
			defaultConfigurationIsVisible = 0;
			defaultConfigurationName = Release;
		};
		3363670B1C1E4F600040DC96 /* Build configuration list for PBXNativeTarget "basic_app_iosTests" */ = {
			isa = XCConfigurationList;
			buildConfigurations = (
				3363670C1C1E4F600040DC96 /* Debug */,
				3363670D1C1E4F600040DC96 /* Release */,
			);
			defaultConfigurationIsVisible = 0;
			defaultConfigurationName = Release;
		};
		3363670E1C1E4F600040DC96 /* Build configuration list for PBXNativeTarget "basic_app_iosUITests" */ = {
			isa = XCConfigurationList;
			buildConfigurations = (
				3363670F1C1E4F600040DC96 /* Debug */,
				336367101C1E4F600040DC96 /* Release */,
			);
			defaultConfigurationIsVisible = 0;
			defaultConfigurationName = Release;
		};
/* End XCConfigurationList section */

/* Begin XCVersionGroup section */
		336366E71C1E4F5F0040DC96 /* basic_app_ios.xcdatamodeld */ = {
			isa = XCVersionGroup;
			children = (
				336366E81C1E4F5F0040DC96 /* basic_app_ios.xcdatamodel */,
			);
			currentVersion = 336366E81C1E4F5F0040DC96 /* basic_app_ios.xcdatamodel */;
			path = basic_app_ios.xcdatamodeld;
			sourceTree = "<group>";
			versionGroupType = wrapper.xcdatamodel;
		};
/* End XCVersionGroup section */
	};
	rootObject = 336366D51C1E4F5F0040DC96 /* Project object */;
}
